
Microsoft Visual Studio Solution File, Format Version 12.00
# Visual Studio Version 17
VisualStudioVersion = 17.0.32112.339
MinimumVisualStudioVersion = 10.0.40219.1
Project("{FAE04EC0-301F-11D3-BF4B-00C04F79EFBC}") = "VSPmiljø_backend", "VSPmiljø_backend.csproj", "{B73EDF82-AD54-4DDC-9134-67EEEB2BBAB0}"
EndProject
Global
	GlobalSection(SolutionConfigurationPlatforms) = preSolution
		Debug|Any CPU = Debug|Any CPU
		Release|Any CPU = Release|Any CPU
	EndGlobalSection
	GlobalSection(ProjectConfigurationPlatforms) = postSolution
		{B73EDF82-AD54-4DDC-9134-67EEEB2BBAB0}.Debug|Any CPU.ActiveCfg = Debug|Any CPU
		{B73EDF82-AD54-4DDC-9134-67EEEB2BBAB0}.Debug|Any CPU.Build.0 = Debug|Any CPU
		{B73EDF82-AD54-4DDC-9134-67EEEB2BBAB0}.Release|Any CPU.ActiveCfg = Release|Any CPU
		{B73EDF82-AD54-4DDC-9134-67EEEB2BBAB0}.Release|Any CPU.Build.0 = Release|Any CPU
	EndGlobalSection
	GlobalSection(SolutionProperties) = preSolution
		HideSolutionNode = FALSE
	EndGlobalSection
	GlobalSection(ExtensibilityGlobals) = postSolution
		SolutionGuid = {D4611B5F-629F-4300-A053-225C4BF21B60}
	EndGlobalSection
EndGlobal
